
Microsoft Visual Studio Solution File, Format Version 12.00
# Visual Studio 15
VisualStudioVersion = 15.0.28307.329
MinimumVisualStudioVersion = 10.0.40219.1
Project("{9A19103F-16F7-4668-BE54-9A1E7A4F7556}") = "Function.DependencyInjection.Timer", "Function.DependencyInjection.Timer\Function.DependencyInjection.Timer.csproj", "{6E962BAF-057A-4A9B-ACBE-46135E806A64}"
EndProject
Project("{FAE04EC0-301F-11D3-BF4B-00C04F79EFBC}") = "Function.DependencyInjection.Services", "Function.DependencyInjection.Services\Function.DependencyInjection.Services.csproj", "{CE356D59-5E47-4554-987C-B354C3790722}"
EndProject
Global
	GlobalSection(SolutionConfigurationPlatforms) = preSolution
		Debug|Any CPU = Debug|Any CPU
		Release|Any CPU = Release|Any CPU
	EndGlobalSection
	GlobalSection(ProjectConfigurationPlatforms) = postSolution
		{6E962BAF-057A-4A9B-ACBE-46135E806A64}.Debug|Any CPU.ActiveCfg = Debug|Any CPU
		{6E962BAF-057A-4A9B-ACBE-46135E806A64}.Debug|Any CPU.Build.0 = Debug|Any CPU
		{6E962BAF-057A-4A9B-ACBE-46135E806A64}.Release|Any CPU.ActiveCfg = Release|Any CPU
		{6E962BAF-057A-4A9B-ACBE-46135E806A64}.Release|Any CPU.Build.0 = Release|Any CPU
		{CE356D59-5E47-4554-987C-B354C3790722}.Debug|Any CPU.ActiveCfg = Debug|Any CPU
		{CE356D59-5E47-4554-987C-B354C3790722}.Debug|Any CPU.Build.0 = Debug|Any CPU
		{CE356D59-5E47-4554-987C-B354C3790722}.Release|Any CPU.ActiveCfg = Release|Any CPU
		{CE356D59-5E47-4554-987C-B354C3790722}.Release|Any CPU.Build.0 = Release|Any CPU
	EndGlobalSection
	GlobalSection(SolutionProperties) = preSolution
		HideSolutionNode = FALSE
	EndGlobalSection
	GlobalSection(ExtensibilityGlobals) = postSolution
		SolutionGuid = {E792BD60-4556-4476-8E02-D96EFF4CF600}
	EndGlobalSection
EndGlobal
